Microsoft Visual Studio Solution File, Format Version 12.00
# Visual Studio Version 17
VisualStudioVersion = 17.5.2.0
MinimumVisualStudioVersion = 10.0.40219.1
Project("{FAE04EC0-301F-11D3-BF4B-00C04F79EFBC}") = "LibraryManagement.WebAPI", "LibraryManagement.WebAPI.csproj", "{1A523CF7-C098-664B-341A-817A1A3151B4}"
EndProject
Global
	GlobalSection(SolutionConfigurationPlatforms) = preSolution
		Debug|Any CPU = Debug|Any CPU
		Release|Any CPU = Release|Any CPU
	EndGlobalSection
	GlobalSection(ProjectConfigurationPlatforms) = postSolution
		{1A523CF7-C098-664B-341A-817A1A3151B4}.Debug|Any CPU.ActiveCfg = Debug|Any CPU
		{1A523CF7-C098-664B-341A-817A1A3151B4}.Debug|Any CPU.Build.0 = Debug|Any CPU
		{1A523CF7-C098-664B-341A-817A1A3151B4}.Release|Any CPU.ActiveCfg = Release|Any CPU
		{1A523CF7-C098-664B-341A-817A1A3151B4}.Release|Any CPU.Build.0 = Release|Any CPU
	EndGlobalSection
	GlobalSection(SolutionProperties) = preSolution
		HideSolutionNode = FALSE
	EndGlobalSection
	GlobalSection(ExtensibilityGlobals) = postSolution
		SolutionGuid = {63F0B6BB-698D-4551-A01B-6100AB159FD5}
	EndGlobalSection
EndGlobal
